{
  "name": "nvim",
  "lockfileVersion": 3,
  "requires": true,
  "packages": {
    "": {
      "dependencies": {
        "@ast-grep/napi": "^0.30.1"
      }
    },
    "node_modules/@ast-grep/napi": {
      "version": "0.30.1",
      "resolved": "https://registry.npmjs.org/@ast-grep/napi/-/napi-0.30.1.tgz",
      "integrity": "sha512-uYsFl46kr1M/ZnyQvaOcySwjr5Bw+2RWK0YP9TelltvKYhQefRIEcDUDNNqvfCr6EqLXb52YkfydCXOmG11vWg==",
      "license": "MIT",
      "engines": {
        "node": ">= 10"
      },
      "optionalDependencies": {
        "@ast-grep/napi-darwin-arm64": "0.30.1",
        "@ast-grep/napi-darwin-x64": "0.30.1",
        "@ast-grep/napi-linux-arm64-gnu": "0.30.1",
        "@ast-grep/napi-linux-arm64-musl": "0.30.1",
        "@ast-grep/napi-linux-x64-gnu": "0.30.1",
        "@ast-grep/napi-linux-x64-musl": "0.30.1",
        "@ast-grep/napi-win32-arm64-msvc": "0.30.1",
        "@ast-grep/napi-win32-ia32-msvc": "0.30.1",
        "@ast-grep/napi-win32-x64-msvc": "0.30.1"
      }
    },
    "node_modules/@ast-grep/napi-darwin-arm64": {
      "version": "0.30.1",
      "resolved": "https://registry.npmjs.org/@ast-grep/napi-darwin-arm64/-/napi-darwin-arm64-0.30.1.tgz",
      "integrity": "sha512-U6e+ROuK0ff7IjEHQUbBDCHadySCKT1tCCNo9tSMdYBfLgWeYGQlbOfDdIa0zUgtPuqRJhIAMKNqUfljh3Z2oQ==",
      "cpu": [
        "arm64"
      ],
      "license": "MIT",
      "optional": true,
      "os": [
        "darwin"
      ],
      "engines": {
        "node": ">= 10"
      }
    },
    "node_modules/@ast-grep/napi-darwin-x64": {
      "version": "0.30.1",
      "resolved": "https://registry.npmjs.org/@ast-grep/napi-darwin-x64/-/napi-darwin-x64-0.30.1.tgz",
      "integrity": "sha512-368LWFPTjjuXy//0guWTpCPRqLd2WfpM2h1CaOJzXFvaHHk6inKMpqomXBZ/yqdnHp7wTgFyRpRndOrywx4oRg==",
      "cpu": [
        "x64"
      ],
      "license": "MIT",
      "optional": true,
      "os": [
        "darwin"
      ],
      "engines": {
        "node": ">= 10"
      }
    },
    "node_modules/@ast-grep/napi-linux-arm64-gnu": {
      "version": "0.30.1",
      "resolved": "https://registry.npmjs.org/@ast-grep/napi-linux-arm64-gnu/-/napi-linux-arm64-gnu-0.30.1.tgz",
      "integrity": "sha512-UY60qmXnv5XC/YDuib73bsrX41Y6TUgMTqLwHBwq4DgX0xS0KTpX89g+FCYEyTRdEOxoi8Emy+EXoSozftD3qw==",
      "cpu": [
        "arm64"
      ],
      "license": "MIT",
      "optional": true,
      "os": [
        "linux"
      ],
      "engines": {
        "node": ">= 10"
      }
    },
    "node_modules/@ast-grep/napi-linux-arm64-musl": {
      "version": "0.30.1",
      "resolved": "https://registry.npmjs.org/@ast-grep/napi-linux-arm64-musl/-/napi-linux-arm64-musl-0.30.1.tgz",
      "integrity": "sha512-e85ILKJg9W10zvsOIY90UIAYi9jCZ+8d1COfex0M9HF+dSiDCqRmvR9YKrA5VFtfrsKpL+8tm5Dso6j/Xf7XAA==",
      "cpu": [
        "arm64"
      ],
      "license": "MIT",
      "optional": true,
      "os": [
        "linux"
      ],
      "engines": {
        "node": ">= 10"
      }
    },
    "node_modules/@ast-grep/napi-linux-x64-gnu": {
      "version": "0.30.1",
      "resolved": "https://registry.npmjs.org/@ast-grep/napi-linux-x64-gnu/-/napi-linux-x64-gnu-0.30.1.tgz",
      "integrity": "sha512-3sJgurAlsNKhEKeZWio/JWZLzUhMMGeN4maJlPsqnpJjAw5E2dk3S8jwq0zLT4xlhFtHGrRMGO0jZtsc0YO2Hw==",
      "cpu": [
        "x64"
      ],
      "license": "MIT",
      "optional": true,
      "os": [
        "linux"
      ],
      "engines": {
        "node": ">= 10"
      }
    },
    "node_modules/@ast-grep/napi-linux-x64-musl": {
      "version": "0.30.1",
      "resolved": "https://registry.npmjs.org/@ast-grep/napi-linux-x64-musl/-/napi-linux-x64-musl-0.30.1.tgz",
      "integrity": "sha512-KnGBolF2VzQ5qMyzfIa2rlRIA+6XJJsSY0xvBMB1kJJCxSWCkME6vNIKJZvvT1vhMGKXST3xfyuDSYNGLsrcsw==",
      "cpu": [
        "x64"
      ],
      "license": "MIT",
      "optional": true,
      "os": [
        "linux"
      ],
      "engines": {
        "node": ">= 10"
      }
    },
    "node_modules/@ast-grep/napi-win32-arm64-msvc": {
      "version": "0.30.1",
      "resolved": "https://registry.npmjs.org/@ast-grep/napi-win32-arm64-msvc/-/napi-win32-arm64-msvc-0.30.1.tgz",
      "integrity": "sha512-NkeBM4d3OCos54H9ALCL0oKWpyh+OMXvz4rcNj7dydXdJ5DJsABrMOcEsKgX52eazJKcf1AsmVxRmV2yjEHNmw==",
      "cpu": [
        "arm64"
      ],
      "license": "MIT",
      "optional": true,
      "os": [
        "win32"
      ],
      "engines": {
        "node": ">= 10"
      }
    },
    "node_modules/@ast-grep/napi-win32-ia32-msvc": {
      "version": "0.30.1",
      "resolved": "https://registry.npmjs.org/@ast-grep/napi-win32-ia32-msvc/-/napi-win32-ia32-msvc-0.30.1.tgz",
      "integrity": "sha512-V30W+urqyhirRNHRMRaiyB0dIK1CBvDRG7EjqRHCVXRAWjHhttPvj5xKYcrlUxIEaZK/WwHSC6cddJcxhwjE8w==",
      "cpu": [
        "ia32"
      ],
      "license": "MIT",
      "optional": true,
      "os": [
        "win32"
      ],
      "engines": {
        "node": ">= 10"
      }
    },
    "node_modules/@ast-grep/napi-win32-x64-msvc": {
      "version": "0.30.1",
      "resolved": "https://registry.npmjs.org/@ast-grep/napi-win32-x64-msvc/-/napi-win32-x64-msvc-0.30.1.tgz",
      "integrity": "sha512-yxQaOVynLbE3pSZWICcNMibQJwLkhs00/1hEwOGGr/UEI574QA1u4ypMiSfu8NMFnmZt2na5o4aDSP976FOSug==",
      "cpu": [
        "x64"
      ],
      "license": "MIT",
      "optional": true,
      "os": [
        "win32"
      ],
      "engines": {
        "node": ">= 10"
      }
    }
  }
}
